{
  "lockfile_version": "1",
  "packages": {
    "codex": {
      "resolved": "github:NixOS/nixpkgs/523257564973361cc3e55e3df3e77e68c20b0b80?narHash=sha256-saOixpqPT4fiE%2FM8EfHv9I98f3sSEvt6nhMJ%2Fz0a7xI%3D#codex",
      "source": "nixpkg",
      "systems": {
        "x86_64-linux": {
          "outputs": [
            {
              "path": "/nix/store/bg2kdj96mnwqvn2cb0s5455rgm5ssf0d-codex-0.89.0",
              "default": true
            }
          ]
        }
      }
    },
    "github:NixOS/nixpkgs/nixpkgs-unstable": {
      "last_modified": "2026-01-24T06:57:54Z",
      "resolved": "github:NixOS/nixpkgs/523257564973361cc3e55e3df3e77e68c20b0b80?lastModified=1769237874&narHash=sha256-saOixpqPT4fiE%2FM8EfHv9I98f3sSEvt6nhMJ%2Fz0a7xI%3D"
    },
    "nodejs@20": {
      "last_modified": "2026-01-14T04:14:06Z",
      "plugin_version": "0.0.2",
      "resolved": "github:NixOS/nixpkgs/ea30586ee015f37f38783006a9bc9e4aa64d7d61#nodejs_20",
      "source": "devbox-search",
      "version": "20.20.0",
      "systems": {
        "aarch64-darwin": {
          "outputs": [
            {
              "name": "out",
              "path": "/nix/store/l5zcv2mlpz4vkfr8gaznjl4l09pw7qva-nodejs-20.20.0",
              "default": true
            },
            {
              "name": "dev",
              "path": "/nix/store/fsrayxzszxaqcm5k849c33qncvr22rf1-nodejs-20.20.0-dev"
            },
            {
              "name": "libv8",
              "path": "/nix/store/8dmg3m6pxx6g850dr572fbnkkb7l4qx9-nodejs-20.20.0-libv8"
            }
          ],
          "store_path": "/nix/store/l5zcv2mlpz4vkfr8gaznjl4l09pw7qva-nodejs-20.20.0"
        },
        "aarch64-linux": {
          "outputs": [
            {
              "name": "out",
              "path": "/nix/store/8bcjyh3wm6172gch2hmjaw70786vnn0p-nodejs-20.20.0",
              "default": true
            },
            {
              "name": "dev",
              "path": "/nix/store/6qd7afr0a8mw1y4lnddv380nb1yxg7mn-nodejs-20.20.0-dev"
            },
            {
              "name": "libv8",
              "path": "/nix/store/9afma3lnsdzfscr8783lwcqydad477m5-nodejs-20.20.0-libv8"
            }
          ],
          "store_path": "/nix/store/8bcjyh3wm6172gch2hmjaw70786vnn0p-nodejs-20.20.0"
        },
        "x86_64-darwin": {
          "outputs": [
            {
              "name": "out",
              "path": "/nix/store/nfpj0w7ckamxpbzci2y9zsrlsw1yjgsa-nodejs-20.20.0",
              "default": true
            },
            {
              "name": "libv8",
              "path": "/nix/store/bl853ghmyam6zc9kpr8hq7dk8mdsnddi-nodejs-20.20.0-libv8"
            },
            {
              "name": "dev",
              "path": "/nix/store/q91w4zkkd52829lcx3c1m9k1b2clgv3r-nodejs-20.20.0-dev"
            }
          ],
          "store_path": "/nix/store/nfpj0w7ckamxpbzci2y9zsrlsw1yjgsa-nodejs-20.20.0"
        },
        "x86_64-linux": {
          "outputs": [
            {
              "name": "out",
              "path": "/nix/store/jfar9wnj6kvr0gr6klh1gk7vgckkfr5j-nodejs-20.20.0",
              "default": true
            },
            {
              "name": "dev",
              "path": "/nix/store/mha8cz3kq9pnnns2f4ygsdl911nnc9nn-nodejs-20.20.0-dev"
            },
            {
              "name": "libv8",
              "path": "/nix/store/y8syar3i7lnw6ys8akhq252zznlfv0p7-nodejs-20.20.0-libv8"
            }
          ],
          "store_path": "/nix/store/jfar9wnj6kvr0gr6klh1gk7vgckkfr5j-nodejs-20.20.0"
        }
      }
    }
  }
}
